
Microsoft Visual Studio Solution File, Format Version 12.00
# Visual Studio 2013
VisualStudioVersion = 12.0.30110.0
MinimumVisualStudioVersion = 10.0.40219.1
Project("{FAE04EC0-301F-11D3-BF4B-00C04F79EFBC}") = "Finder", "Finder\Finder.csproj", "{C63AC365-4450-481D-901E-142D7A504779}"
EndProject
Project("{FAE04EC0-301F-11D3-BF4B-00C04F79EFBC}") = "Finder.Test", "Finder.Test\Finder.Test.csproj", "{C2DA444A-9313-47B8-89D9-F8082A18076A}"
EndProject
Project("{8BC9CEB8-8B4A-11D0-8D11-00A0C91BC942}") = "Finder.UnmanagedAlgorithms", "Finder.UnmanagedAlgorithms\Finder.UnmanagedAlgorithms.vcxproj", "{1279B1F6-A1F0-4DEE-BF63-72CC067F0541}"
EndProject
Project("{8BC9CEB8-8B4A-11D0-8D11-00A0C91BC942}") = "Finder.AlgorithmsTest", "Finder.AlgorithmsTest\Finder.AlgorithmsTest.vcxproj", "{3352F3E9-09C8-4FD1-A0C5-C176C5B5D358}"
EndProject
Global
	GlobalSection(SolutionConfigurationPlatforms) = preSolution
		Debug|Any CPU = Debug|Any CPU
		Debug|Mixed Platforms = Debug|Mixed Platforms
		Debug|Win32 = Debug|Win32
		Debug|x64 = Debug|x64
		Lib_Debug|Any CPU = Lib_Debug|Any CPU
		Lib_Debug|Mixed Platforms = Lib_Debug|Mixed Platforms
		Lib_Debug|Win32 = Lib_Debug|Win32
		Lib_Debug|x64 = Lib_Debug|x64
		Lib_Release|Any CPU = Lib_Release|Any CPU
		Lib_Release|Mixed Platforms = Lib_Release|Mixed Platforms
		Lib_Release|Win32 = Lib_Release|Win32
		Lib_Release|x64 = Lib_Release|x64
		Release|Any CPU = Release|Any CPU
		Release|Mixed Platforms = Release|Mixed Platforms
		Release|Win32 = Release|Win32
		Release|x64 = Release|x64
	EndGlobalSection
	GlobalSection(ProjectConfigurationPlatforms) = postSolution
		{C63AC365-4450-481D-901E-142D7A504779}.Debug|Any CPU.ActiveCfg = Debug|Any CPU
		{C63AC365-4450-481D-901E-142D7A504779}.Debug|Any CPU.Build.0 = Debug|Any CPU
		{C63AC365-4450-481D-901E-142D7A504779}.Debug|Mixed Platforms.ActiveCfg = Debug|Any CPU
		{C63AC365-4450-481D-901E-142D7A504779}.Debug|Mixed Platforms.Build.0 = Debug|Any CPU
		{C63AC365-4450-481D-901E-142D7A504779}.Debug|Win32.ActiveCfg = Debug|Any CPU
		{C63AC365-4450-481D-901E-142D7A504779}.Debug|x64.ActiveCfg = Debug|x64
		{C63AC365-4450-481D-901E-142D7A504779}.Debug|x64.Build.0 = Debug|x64
		{C63AC365-4450-481D-901E-142D7A504779}.Lib_Debug|Any CPU.ActiveCfg = Lib_Debug|Any CPU
		{C63AC365-4450-481D-901E-142D7A504779}.Lib_Debug|Any CPU.Build.0 = Lib_Debug|Any CPU
		{C63AC365-4450-481D-901E-142D7A504779}.Lib_Debug|Mixed Platforms.ActiveCfg = Lib_Debug|Any CPU
		{C63AC365-4450-481D-901E-142D7A504779}.Lib_Debug|Win32.ActiveCfg = Lib_Debug|Any CPU
		{C63AC365-4450-481D-901E-142D7A504779}.Lib_Debug|x64.ActiveCfg = Lib_Debug|x64
		{C63AC365-4450-481D-901E-142D7A504779}.Lib_Debug|x64.Build.0 = Lib_Debug|x64
		{C63AC365-4450-481D-901E-142D7A504779}.Lib_Release|Any CPU.ActiveCfg = Lib_Release|Any CPU
		{C63AC365-4450-481D-901E-142D7A504779}.Lib_Release|Any CPU.Build.0 = Lib_Release|Any CPU
		{C63AC365-4450-481D-901E-142D7A504779}.Lib_Release|Mixed Platforms.ActiveCfg = Lib_Release|Any CPU
		{C63AC365-4450-481D-901E-142D7A504779}.Lib_Release|Win32.ActiveCfg = Lib_Release|Any CPU
		{C63AC365-4450-481D-901E-142D7A504779}.Lib_Release|x64.ActiveCfg = Lib_Release|x64
		{C63AC365-4450-481D-901E-142D7A504779}.Lib_Release|x64.Build.0 = Lib_Release|x64
		{C63AC365-4450-481D-901E-142D7A504779}.Release|Any CPU.ActiveCfg = Release|Any CPU
		{C63AC365-4450-481D-901E-142D7A504779}.Release|Any CPU.Build.0 = Release|Any CPU
		{C63AC365-4450-481D-901E-142D7A504779}.Release|Mixed Platforms.ActiveCfg = Release|Any CPU
		{C63AC365-4450-481D-901E-142D7A504779}.Release|Mixed Platforms.Build.0 = Release|Any CPU
		{C63AC365-4450-481D-901E-142D7A504779}.Release|Win32.ActiveCfg = Release|x86
		{C63AC365-4450-481D-901E-142D7A504779}.Release|Win32.Build.0 = Release|x86
		{C63AC365-4450-481D-901E-142D7A504779}.Release|x64.ActiveCfg = Release|x64
		{C63AC365-4450-481D-901E-142D7A504779}.Release|x64.Build.0 = Release|x64
		{C2DA444A-9313-47B8-89D9-F8082A18076A}.Debug|Any CPU.ActiveCfg = Debug|Any CPU
		{C2DA444A-9313-47B8-89D9-F8082A18076A}.Debug|Any CPU.Build.0 = Debug|Any CPU
		{C2DA444A-9313-47B8-89D9-F8082A18076A}.Debug|Mixed Platforms.ActiveCfg = Debug|Any CPU
		{C2DA444A-9313-47B8-89D9-F8082A18076A}.Debug|Mixed Platforms.Build.0 = Debug|Any CPU
		{C2DA444A-9313-47B8-89D9-F8082A18076A}.Debug|Win32.ActiveCfg = Debug|Any CPU
		{C2DA444A-9313-47B8-89D9-F8082A18076A}.Debug|x64.ActiveCfg = Debug|x64
		{C2DA444A-9313-47B8-89D9-F8082A18076A}.Debug|x64.Build.0 = Debug|x64
		{C2DA444A-9313-47B8-89D9-F8082A18076A}.Lib_Debug|Any CPU.ActiveCfg = Lib_Debug|Any CPU
		{C2DA444A-9313-47B8-89D9-F8082A18076A}.Lib_Debug|Any CPU.Build.0 = Lib_Debug|Any CPU
		{C2DA444A-9313-47B8-89D9-F8082A18076A}.Lib_Debug|Mixed Platforms.ActiveCfg = Lib_Debug|Any CPU
		{C2DA444A-9313-47B8-89D9-F8082A18076A}.Lib_Debug|Win32.ActiveCfg = Lib_Debug|Any CPU
		{C2DA444A-9313-47B8-89D9-F8082A18076A}.Lib_Debug|x64.ActiveCfg = Lib_Debug|x64
		{C2DA444A-9313-47B8-89D9-F8082A18076A}.Lib_Debug|x64.Build.0 = Lib_Debug|x64
		{C2DA444A-9313-47B8-89D9-F8082A18076A}.Lib_Release|Any CPU.ActiveCfg = Lib_Release|Any CPU
		{C2DA444A-9313-47B8-89D9-F8082A18076A}.Lib_Release|Any CPU.Build.0 = Lib_Release|Any CPU
		{C2DA444A-9313-47B8-89D9-F8082A18076A}.Lib_Release|Mixed Platforms.ActiveCfg = Lib_Release|Any CPU
		{C2DA444A-9313-47B8-89D9-F8082A18076A}.Lib_Release|Win32.ActiveCfg = Lib_Release|Any CPU
		{C2DA444A-9313-47B8-89D9-F8082A18076A}.Lib_Release|x64.ActiveCfg = Lib_Release|x64
		{C2DA444A-9313-47B8-89D9-F8082A18076A}.Lib_Release|x64.Build.0 = Lib_Release|x64
		{C2DA444A-9313-47B8-89D9-F8082A18076A}.Release|Any CPU.ActiveCfg = Release|Any CPU
		{C2DA444A-9313-47B8-89D9-F8082A18076A}.Release|Any CPU.Build.0 = Release|Any CPU
		{C2DA444A-9313-47B8-89D9-F8082A18076A}.Release|Mixed Platforms.ActiveCfg = Release|Any CPU
		{C2DA444A-9313-47B8-89D9-F8082A18076A}.Release|Mixed Platforms.Build.0 = Release|Any CPU
		{C2DA444A-9313-47B8-89D9-F8082A18076A}.Release|Win32.ActiveCfg = Release|x86
		{C2DA444A-9313-47B8-89D9-F8082A18076A}.Release|Win32.Build.0 = Release|x86
		{C2DA444A-9313-47B8-89D9-F8082A18076A}.Release|x64.ActiveCfg = Release|x64
		{1279B1F6-A1F0-4DEE-BF63-72CC067F0541}.Debug|Any CPU.ActiveCfg = Debug|Win32
		{1279B1F6-A1F0-4DEE-BF63-72CC067F0541}.Debug|Any CPU.Build.0 = Debug|Win32
		{1279B1F6-A1F0-4DEE-BF63-72CC067F0541}.Debug|Mixed Platforms.ActiveCfg = Debug|Win32
		{1279B1F6-A1F0-4DEE-BF63-72CC067F0541}.Debug|Mixed Platforms.Build.0 = Debug|Win32
		{1279B1F6-A1F0-4DEE-BF63-72CC067F0541}.Debug|Win32.ActiveCfg = Debug|Win32
		{1279B1F6-A1F0-4DEE-BF63-72CC067F0541}.Debug|Win32.Build.0 = Debug|Win32
		{1279B1F6-A1F0-4DEE-BF63-72CC067F0541}.Debug|x64.ActiveCfg = Debug|x64
		{1279B1F6-A1F0-4DEE-BF63-72CC067F0541}.Debug|x64.Build.0 = Debug|x64
		{1279B1F6-A1F0-4DEE-BF63-72CC067F0541}.Lib_Debug|Any CPU.ActiveCfg = Lib_Debug|Win32
		{1279B1F6-A1F0-4DEE-BF63-72CC067F0541}.Lib_Debug|Mixed Platforms.ActiveCfg = Lib_Debug|Win32
		{1279B1F6-A1F0-4DEE-BF63-72CC067F0541}.Lib_Debug|Mixed Platforms.Build.0 = Lib_Debug|Win32
		{1279B1F6-A1F0-4DEE-BF63-72CC067F0541}.Lib_Debug|Win32.ActiveCfg = Lib_Debug|Win32
		{1279B1F6-A1F0-4DEE-BF63-72CC067F0541}.Lib_Debug|Win32.Build.0 = Lib_Debug|Win32
		{1279B1F6-A1F0-4DEE-BF63-72CC067F0541}.Lib_Debug|x64.ActiveCfg = Lib_Debug|x64
		{1279B1F6-A1F0-4DEE-BF63-72CC067F0541}.Lib_Debug|x64.Build.0 = Lib_Debug|x64
		{1279B1F6-A1F0-4DEE-BF63-72CC067F0541}.Lib_Release|Any CPU.ActiveCfg = Lib_Release|Win32
		{1279B1F6-A1F0-4DEE-BF63-72CC067F0541}.Lib_Release|Mixed Platforms.ActiveCfg = Lib_Release|Win32
		{1279B1F6-A1F0-4DEE-BF63-72CC067F0541}.Lib_Release|Mixed Platforms.Build.0 = Lib_Release|Win32
		{1279B1F6-A1F0-4DEE-BF63-72CC067F0541}.Lib_Release|Win32.ActiveCfg = Lib_Release|Win32
		{1279B1F6-A1F0-4DEE-BF63-72CC067F0541}.Lib_Release|Win32.Build.0 = Lib_Release|Win32
		{1279B1F6-A1F0-4DEE-BF63-72CC067F0541}.Lib_Release|x64.ActiveCfg = Lib_Release|x64
		{1279B1F6-A1F0-4DEE-BF63-72CC067F0541}.Lib_Release|x64.Build.0 = Lib_Release|x64
		{1279B1F6-A1F0-4DEE-BF63-72CC067F0541}.Release|Any CPU.ActiveCfg = Release|Win32
		{1279B1F6-A1F0-4DEE-BF63-72CC067F0541}.Release|Any CPU.Build.0 = Release|Win32
		{1279B1F6-A1F0-4DEE-BF63-72CC067F0541}.Release|Mixed Platforms.ActiveCfg = Release|Win32
		{1279B1F6-A1F0-4DEE-BF63-72CC067F0541}.Release|Mixed Platforms.Build.0 = Release|Win32
		{1279B1F6-A1F0-4DEE-BF63-72CC067F0541}.Release|Win32.ActiveCfg = Release|Win32
		{1279B1F6-A1F0-4DEE-BF63-72CC067F0541}.Release|Win32.Build.0 = Release|Win32
		{1279B1F6-A1F0-4DEE-BF63-72CC067F0541}.Release|x64.ActiveCfg = Release|x64
		{1279B1F6-A1F0-4DEE-BF63-72CC067F0541}.Release|x64.Build.0 = Release|x64
		{3352F3E9-09C8-4FD1-A0C5-C176C5B5D358}.Debug|Any CPU.ActiveCfg = Debug|Win32
		{3352F3E9-09C8-4FD1-A0C5-C176C5B5D358}.Debug|Mixed Platforms.ActiveCfg = Debug|Win32
		{3352F3E9-09C8-4FD1-A0C5-C176C5B5D358}.Debug|Mixed Platforms.Build.0 = Debug|Win32
		{3352F3E9-09C8-4FD1-A0C5-C176C5B5D358}.Debug|Win32.ActiveCfg = Debug|Win32
		{3352F3E9-09C8-4FD1-A0C5-C176C5B5D358}.Debug|Win32.Build.0 = Debug|Win32
		{3352F3E9-09C8-4FD1-A0C5-C176C5B5D358}.Debug|x64.ActiveCfg = Debug|x64
		{3352F3E9-09C8-4FD1-A0C5-C176C5B5D358}.Debug|x64.Build.0 = Debug|x64
		{3352F3E9-09C8-4FD1-A0C5-C176C5B5D358}.Lib_Debug|Any CPU.ActiveCfg = Lib_Debug|Win32
		{3352F3E9-09C8-4FD1-A0C5-C176C5B5D358}.Lib_Debug|Mixed Platforms.ActiveCfg = Lib_Debug|Win32
		{3352F3E9-09C8-4FD1-A0C5-C176C5B5D358}.Lib_Debug|Win32.ActiveCfg = Lib_Debug|Win32
		{3352F3E9-09C8-4FD1-A0C5-C176C5B5D358}.Lib_Debug|Win32.Build.0 = Lib_Debug|Win32
		{3352F3E9-09C8-4FD1-A0C5-C176C5B5D358}.Lib_Debug|x64.ActiveCfg = Lib_Debug|x64
		{3352F3E9-09C8-4FD1-A0C5-C176C5B5D358}.Lib_Debug|x64.Build.0 = Lib_Debug|x64
		{3352F3E9-09C8-4FD1-A0C5-C176C5B5D358}.Lib_Release|Any CPU.ActiveCfg = Lib_Release|Win32
		{3352F3E9-09C8-4FD1-A0C5-C176C5B5D358}.Lib_Release|Mixed Platforms.ActiveCfg = Lib_Release|Win32
		{3352F3E9-09C8-4FD1-A0C5-C176C5B5D358}.Lib_Release|Win32.ActiveCfg = Lib_Release|Win32
		{3352F3E9-09C8-4FD1-A0C5-C176C5B5D358}.Lib_Release|Win32.Build.0 = Lib_Release|Win32
		{3352F3E9-09C8-4FD1-A0C5-C176C5B5D358}.Lib_Release|x64.ActiveCfg = Lib_Release|x64
		{3352F3E9-09C8-4FD1-A0C5-C176C5B5D358}.Lib_Release|x64.Build.0 = Lib_Release|x64
		{3352F3E9-09C8-4FD1-A0C5-C176C5B5D358}.Release|Any CPU.ActiveCfg = Release|Win32
		{3352F3E9-09C8-4FD1-A0C5-C176C5B5D358}.Release|Mixed Platforms.ActiveCfg = Release|Win32
		{3352F3E9-09C8-4FD1-A0C5-C176C5B5D358}.Release|Mixed Platforms.Build.0 = Release|Win32
		{3352F3E9-09C8-4FD1-A0C5-C176C5B5D358}.Release|Win32.ActiveCfg = Release|Win32
		{3352F3E9-09C8-4FD1-A0C5-C176C5B5D358}.Release|Win32.Build.0 = Release|Win32
		{3352F3E9-09C8-4FD1-A0C5-C176C5B5D358}.Release|x64.ActiveCfg = Release|x64
	EndGlobalSection
	GlobalSection(SolutionProperties) = preSolution
		HideSolutionNode = FALSE
	EndGlobalSection
EndGlobal
